
Microsoft Visual Studio Solution File, Format Version 12.00
# Visual Studio Version 17
VisualStudioVersion = 17.6.33829.357
MinimumVisualStudioVersion = 10.0.40219.1
Project("{FAE04EC0-301F-11D3-BF4B-00C04F79EFBC}") = "OnTheBlog", "OnTheBlog.csproj", "{4AA8035A-5AB2-4164-822D-B862D6E974D4}"
EndProject
Global
	GlobalSection(SolutionConfigurationPlatforms) = preSolution
		Debug|Any CPU = Debug|Any CPU
		Release|Any CPU = Release|Any CPU
	EndGlobalSection
	GlobalSection(ProjectConfigurationPlatforms) = postSolution
		{4AA8035A-5AB2-4164-822D-B862D6E974D4}.Debug|Any CPU.ActiveCfg = Debug|Any CPU
		{4AA8035A-5AB2-4164-822D-B862D6E974D4}.Debug|Any CPU.Build.0 = Debug|Any CPU
		{4AA8035A-5AB2-4164-822D-B862D6E974D4}.Release|Any CPU.ActiveCfg = Release|Any CPU
		{4AA8035A-5AB2-4164-822D-B862D6E974D4}.Release|Any CPU.Build.0 = Release|Any CPU
	EndGlobalSection
	GlobalSection(SolutionProperties) = preSolution
		HideSolutionNode = FALSE
	EndGlobalSection
	GlobalSection(ExtensibilityGlobals) = postSolution
		SolutionGuid = {D7CC8373-E30B-4867-B54F-C27C5196F266}
	EndGlobalSection
EndGlobal
